
Microsoft Visual Studio Solution File, Format Version 12.00
# Visual Studio Version 17
VisualStudioVersion = 17.6.33712.159
MinimumVisualStudioVersion = 10.0.40219.1
Project("{9A19103F-16F7-4668-BE54-9A1E7A4F7556}") = "LeagueTableApp.DAL", "..\LeagueTableApp.DAL\LeagueTableApp.DAL.csproj", "{7E3CA47B-132F-4812-B403-0AD30CCCA88F}"
EndProject
Project("{FAE04EC0-301F-11D3-BF4B-00C04F79EFBC}") = "LeagueTableApp.BLL", "..\LeagueTableApp.BLL\LeagueTableApp.BLL.csproj", "{5D3F67CE-D6CA-4F83-BF47-BD895D6D91BA}"
EndProject
Global
	GlobalSection(SolutionConfigurationPlatforms) = preSolution
		Debug|Any CPU = Debug|Any CPU
		Release|Any CPU = Release|Any CPU
	EndGlobalSection
	GlobalSection(ProjectConfigurationPlatforms) = postSolution
		{7E3CA47B-132F-4812-B403-0AD30CCCA88F}.Debug|Any CPU.ActiveCfg = Debug|Any CPU
		{7E3CA47B-132F-4812-B403-0AD30CCCA88F}.Debug|Any CPU.Build.0 = Debug|Any CPU
		{7E3CA47B-132F-4812-B403-0AD30CCCA88F}.Release|Any CPU.ActiveCfg = Release|Any CPU
		{7E3CA47B-132F-4812-B403-0AD30CCCA88F}.Release|Any CPU.Build.0 = Release|Any CPU
		{5D3F67CE-D6CA-4F83-BF47-BD895D6D91BA}.Debug|Any CPU.ActiveCfg = Debug|Any CPU
		{5D3F67CE-D6CA-4F83-BF47-BD895D6D91BA}.Debug|Any CPU.Build.0 = Debug|Any CPU
		{5D3F67CE-D6CA-4F83-BF47-BD895D6D91BA}.Release|Any CPU.ActiveCfg = Release|Any CPU
		{5D3F67CE-D6CA-4F83-BF47-BD895D6D91BA}.Release|Any CPU.Build.0 = Release|Any CPU
	EndGlobalSection
	GlobalSection(SolutionProperties) = preSolution
		HideSolutionNode = FALSE
	EndGlobalSection
	GlobalSection(ExtensibilityGlobals) = postSolution
		SolutionGuid = {DF2E3A05-EBD7-42CF-95B8-549128A28898}
	EndGlobalSection
EndGlobal
